// !$*UTF8*$!
{
	archiveVersion = 1;
	classes = {
	};
	objectVersion = 77;
	objects = {

/* Begin PBXContainerItemProxy section */
		09B3E7932CDCD5EA001EB4CF /* PBXContainerItemProxy */ = {
			isa = PBXContainerItemProxy;
			containerPortal = 09B3E77A2CDCD5E4001EB4CF /* Project object */;
			proxyType = 1;
			remoteGlobalIDString = 09B3E7812CDCD5E4001EB4CF;
			remoteInfo = FriendsFavoriteMovies;
		};
		09B3E79D2CDCD5EA001EB4CF /* PBXContainerItemProxy */ = {
			isa = PBXContainerItemProxy;
			containerPortal = 09B3E77A2CDCD5E4001EB4CF /* Project object */;
			proxyType = 1;
			remoteGlobalIDString = 09B3E7812CDCD5E4001EB4CF;
			remoteInfo = FriendsFavoriteMovies;
		};
/* End PBXContainerItemProxy section */

/* Begin PBXFileReference section */
		09B3E7822CDCD5E4001EB4CF /* FriendsFavoriteMovies.app */ = {isa = PBXFileReference; explicitFileType = wrapper.application; includeInIndex = 0; path = FriendsFavoriteMovies.app; sourceTree = BUILT_PRODUCTS_DIR; };
		09B3E7922CDCD5EA001EB4CF /* FriendsFavoriteMoviesTests.xctest */ = {isa = PBXFileReference; explicitFileType = wrapper.cfbundle; includeInIndex = 0; path = FriendsFavoriteMoviesTests.xctest; sourceTree = BUILT_PRODUCTS_DIR; };
		09B3E79C2CDCD5EA001EB4CF /* FriendsFavoriteMoviesUITests.xctest */ = {isa = PBXFileReference; explicitFileType = wrapper.cfbundle; includeInIndex = 0; path = FriendsFavoriteMoviesUITests.xctest; sourceTree = BUILT_PRODUCTS_DIR; };
/* End PBXFileReference section */

/* Begin PBXFileSystemSynchronizedRootGroup section */
		09B3E7842CDCD5E4001EB4CF /* FriendsFavoriteMovies */ = {
			isa = PBXFileSystemSynchronizedRootGroup;
			path = FriendsFavoriteMovies;
			sourceTree = "<group>";
		};
		09B3E7952CDCD5EA001EB4CF /* FriendsFavoriteMoviesTests */ = {
			isa = PBXFileSystemSynchronizedRootGroup;
			path = FriendsFavoriteMoviesTests;
			sourceTree = "<group>";
		};
		09B3E79F2CDCD5EA001EB4CF /* FriendsFavoriteMoviesUITests */ = {
			isa = PBXFileSystemSynchronizedRootGroup;
			path = FriendsFavoriteMoviesUITests;
			sourceTree = "<group>";
		};
/* End PBXFileSystemSynchronizedRootGroup section */

/* Begin PBXFrameworksBuildPhase section */
		09B3E77F2CDCD5E4001EB4CF /* Frameworks */ = {
			isa = PBXFrameworksBuildPhase;
			buildActionMask = 2147483647;
			files = (
			);
			runOnlyForDeploymentPostprocessing = 0;
		};
		09B3E78F2CDCD5EA001EB4CF /* Frameworks */ = {
			isa = PBXFrameworksBuildPhase;
			buildActionMask = 2147483647;
			files = (
			);
			runOnlyForDeploymentPostprocessing = 0;
		};
		09B3E7992CDCD5EA001EB4CF /* Frameworks */ = {
			isa = PBXFrameworksBuildPhase;
			buildActionMask = 2147483647;
			files = (
			);
			runOnlyForDeploymentPostprocessing = 0;
		};
/* End PBXFrameworksBuildPhase section */

/* Begin PBXGroup section */
		09B3E7792CDCD5E4001EB4CF = {
			isa = PBXGroup;
			children = (
				09B3E7842CDCD5E4001EB4CF /* FriendsFavoriteMovies */,
				09B3E7952CDCD5EA001EB4CF /* FriendsFavoriteMoviesTests */,
				09B3E79F2CDCD5EA001EB4CF /* FriendsFavoriteMoviesUITests */,
				09B3E7832CDCD5E4001EB4CF /* Products */,
			);
			sourceTree = "<group>";
		};
		09B3E7832CDCD5E4001EB4CF /* Products */ = {
			isa = PBXGroup;
			children = (
				09B3E7822CDCD5E4001EB4CF /* FriendsFavoriteMovies.app */,
				09B3E7922CDCD5EA001EB4CF /* FriendsFavoriteMoviesTests.xctest */,
				09B3E79C2CDCD5EA001EB4CF /* FriendsFavoriteMoviesUITests.xctest */,
			);
			name = Products;
			sourceTree = "<group>";
		};
/* End PBXGroup section */

/* Begin PBXNativeTarget section */
		09B3E7812CDCD5E4001EB4CF /* FriendsFavoriteMovies */ = {
			isa = PBXNativeTarget;
			buildConfigurationList = 09B3E7A62CDCD5EA001EB4CF /* Build configuration list for PBXNativeTarget "FriendsFavoriteMovies" */;
			buildPhases = (
				09B3E77E2CDCD5E4001EB4CF /* Sources */,
				09B3E77F2CDCD5E4001EB4CF /* Frameworks */,
				09B3E7802CDCD5E4001EB4CF /* Resources */,
			);
			buildRules = (
			);
			dependencies = (
			);
			fileSystemSynchronizedGroups = (
				09B3E7842CDCD5E4001EB4CF /* FriendsFavoriteMovies */,
			);
			name = FriendsFavoriteMovies;
			packageProductDependencies = (
			);
			productName = FriendsFavoriteMovies;
			productReference = 09B3E7822CDCD5E4001EB4CF /* FriendsFavoriteMovies.app */;
			productType = "com.apple.product-type.application";
		};
		09B3E7912CDCD5EA001EB4CF /* FriendsFavoriteMoviesTests */ = {
			isa = PBXNativeTarget;
			buildConfigurationList = 09B3E7A92CDCD5EA001EB4CF /* Build configuration list for PBXNativeTarget "FriendsFavoriteMoviesTests" */;
			buildPhases = (
				09B3E78E2CDCD5EA001EB4CF /* Sources */,
				09B3E78F2CDCD5EA001EB4CF /* Frameworks */,
				09B3E7902CDCD5EA001EB4CF /* Resources */,
			);
			buildRules = (
			);
			dependencies = (
				09B3E7942CDCD5EA001EB4CF /* PBXTargetDependency */,
			);
			fileSystemSynchronizedGroups = (
				09B3E7952CDCD5EA001EB4CF /* FriendsFavoriteMoviesTests */,
			);
			name = FriendsFavoriteMoviesTests;
			packageProductDependencies = (
			);
			productName = FriendsFavoriteMoviesTests;
			productReference = 09B3E7922CDCD5EA001EB4CF /* FriendsFavoriteMoviesTests.xctest */;
			productType = "com.apple.product-type.bundle.unit-test";
		};
		09B3E79B2CDCD5EA001EB4CF /* FriendsFavoriteMoviesUITests */ = {
			isa = PBXNativeTarget;
			buildConfigurationList = 09B3E7AC2CDCD5EA001EB4CF /* Build configuration list for PBXNativeTarget "FriendsFavoriteMoviesUITests" */;
			buildPhases = (
				09B3E7982CDCD5EA001EB4CF /* Sources */,
				09B3E7992CDCD5EA001EB4CF /* Frameworks */,
				09B3E79A2CDCD5EA001EB4CF /* Resources */,
			);
			buildRules = (
			);
			dependencies = (
				09B3E79E2CDCD5EA001EB4CF /* PBXTargetDependency */,
			);
			fileSystemSynchronizedGroups = (
				09B3E79F2CDCD5EA001EB4CF /* FriendsFavoriteMoviesUITests */,
			);
			name = FriendsFavoriteMoviesUITests;
			packageProductDependencies = (
			);
			productName = FriendsFavoriteMoviesUITests;
			productReference = 09B3E79C2CDCD5EA001EB4CF /* FriendsFavoriteMoviesUITests.xctest */;
			productType = "com.apple.product-type.bundle.ui-testing";
		};
/* End PBXNativeTarget section */

/* Begin PBXProject section */
		09B3E77A2CDCD5E4001EB4CF /* Project object */ = {
			isa = PBXProject;
			attributes = {
				BuildIndependentTargetsInParallel = 1;
				LastSwiftUpdateCheck = 1610;
				LastUpgradeCheck = 1610;
				TargetAttributes = {
					09B3E7812CDCD5E4001EB4CF = {
						CreatedOnToolsVersion = 16.1;
					};
					09B3E7912CDCD5EA001EB4CF = {
						CreatedOnToolsVersion = 16.1;
						TestTargetID = 09B3E7812CDCD5E4001EB4CF;
					};
					09B3E79B2CDCD5EA001EB4CF = {
						CreatedOnToolsVersion = 16.1;
						TestTargetID = 09B3E7812CDCD5E4001EB4CF;
					};
				};
			};
			buildConfigurationList = 09B3E77D2CDCD5E4001EB4CF /* Build configuration list for PBXProject "FriendsFavoriteMovies" */;
			developmentRegion = en;
			hasScannedForEncodings = 0;
			knownRegions = (
				en,
				Base,
			);
			mainGroup = 09B3E7792CDCD5E4001EB4CF;
			minimizedProjectReferenceProxies = 1;
			preferredProjectObjectVersion = 77;
			productRefGroup = 09B3E7832CDCD5E4001EB4CF /* Products */;
			projectDirPath = "";
			projectRoot = "";
			targets = (
				09B3E7812CDCD5E4001EB4CF /* FriendsFavoriteMovies */,
				09B3E7912CDCD5EA001EB4CF /* FriendsFavoriteMoviesTests */,
				09B3E79B2CDCD5EA001EB4CF /* FriendsFavoriteMoviesUITests */,
			);
		};
/* End PBXProject section */

/* Begin PBXResourcesBuildPhase section */
		09B3E7802CDCD5E4001EB4CF /* Resources */ = {
			isa = PBXResourcesBuildPhase;
			buildActionMask = 2147483647;
			files = (
			);
			runOnlyForDeploymentPostprocessing = 0;
		};
		09B3E7902CDCD5EA001EB4CF /* Resources */ = {
			isa = PBXResourcesBuildPhase;
			buildActionMask = 2147483647;
			files = (
			);
			runOnlyForDeploymentPostprocessing = 0;
		};
		09B3E79A2CDCD5EA001EB4CF /* Resources */ = {
			isa = PBXResourcesBuildPhase;
			buildActionMask = 2147483647;
			files = (
			);
			runOnlyForDeploymentPostprocessing = 0;
		};
/* End PBXResourcesBuildPhase section */

/* Begin PBXSourcesBuildPhase section */
		09B3E77E2CDCD5E4001EB4CF /* Sources */ = {
			isa = PBXSourcesBuildPhase;
			buildActionMask = 2147483647;
			files = (
			);
			runOnlyForDeploymentPostprocessing = 0;
		};
		09B3E78E2CDCD5EA001EB4CF /* Sources */ = {
			isa = PBXSourcesBuildPhase;
			buildActionMask = 2147483647;
			files = (
			);
			runOnlyForDeploymentPostprocessing = 0;
		};
		09B3E7982CDCD5EA001EB4CF /* Sources */ = {
			isa = PBXSourcesBuildPhase;
			buildActionMask = 2147483647;
			files = (
			);
			runOnlyForDeploymentPostprocessing = 0;
		};
/* End PBXSourcesBuildPhase section */

/* Begin PBXTargetDependency section */
		09B3E7942CDCD5EA001EB4CF /* PBXTargetDependency */ = {
			isa = PBXTargetDependency;
			target = 09B3E7812CDCD5E4001EB4CF /* FriendsFavoriteMovies */;
			targetProxy = 09B3E7932CDCD5EA001EB4CF /* PBXContainerItemProxy */;
		};
		09B3E79E2CDCD5EA001EB4CF /* PBXTargetDependency */ = {
			isa = PBXTargetDependency;
			target = 09B3E7812CDCD5E4001EB4CF /* FriendsFavoriteMovies */;
			targetProxy = 09B3E79D2CDCD5EA001EB4CF /* PBXContainerItemProxy */;
		};
/* End PBXTargetDependency section */

/* Begin XCBuildConfiguration section */
		09B3E7A42CDCD5EA001EB4CF /* Debug */ = {
			isa = XCBuildConfiguration;
			buildSettings = {
				ALWAYS_SEARCH_USER_PATHS = NO;
				ASSETCATALOG_COMPILER_GENERATE_SWIFT_ASSET_SYMBOL_EXTENSIONS = YES;
				CLANG_ANALYZER_NONNULL = YES;
				CLANG_ANALYZER_NUMBER_OBJECT_CONVERSION = YES_AGGRESSIVE;
				CLANG_CXX_LANGUAGE_STANDARD = "gnu++20";
				CLANG_ENABLE_MODULES = YES;
				CLANG_ENABLE_OBJC_ARC = YES;
				CLANG_ENABLE_OBJC_WEAK = YES;
				CLANG_WARN_BLOCK_CAPTURE_AUTORELEASING = YES;
				CLANG_WARN_BOOL_CONVERSION = YES;
				CLANG_WARN_COMMA = YES;
				CLANG_WARN_CONSTANT_CONVERSION = YES;
				CLANG_WARN_DEPRECATED_OBJC_IMPLEMENTATIONS = YES;
				CLANG_WARN_DIRECT_OBJC_ISA_USAGE = YES_ERROR;
				CLANG_WARN_DOCUMENTATION_COMMENTS = YES;
				CLANG_WARN_EMPTY_BODY = YES;
				CLANG_WARN_ENUM_CONVERSION = YES;
				CLANG_WARN_INFINITE_RECURSION = YES;
				CLANG_WARN_INT_CONVERSION = YES;
				CLANG_WARN_NON_LITERAL_NULL_CONVERSION = YES;
				CLANG_WARN_OBJC_IMPLICIT_RETAIN_SELF = YES;
				CLANG_WARN_OBJC_LITERAL_CONVERSION = YES;
				CLANG_WARN_OBJC_ROOT_CLASS = YES_ERROR;
				CLANG_WARN_QUOTED_INCLUDE_IN_FRAMEWORK_HEADER = YES;
				CLANG_WARN_RANGE_LOOP_ANALYSIS = YES;
				CLANG_WARN_STRICT_PROTOTYPES = YES;
				CLANG_WARN_SUSPICIOUS_MOVE = YES;
				CLANG_WARN_UNGUARDED_AVAILABILITY = YES_AGGRESSIVE;
				CLANG_WARN_UNREACHABLE_CODE = YES;
				CLANG_WARN__DUPLICATE_METHOD_MATCH = YES;
				COPY_PHASE_STRIP = NO;
				DEBUG_INFORMATION_FORMAT = dwarf;
				ENABLE_STRICT_OBJC_MSGSEND = YES;
				ENABLE_TESTABILITY = YES;
				ENABLE_USER_SCRIPT_SANDBOXING = YES;
				GCC_C_LANGUAGE_STANDARD = gnu17;
				GCC_DYNAMIC_NO_PIC = NO;
				GCC_NO_COMMON_BLOCKS = YES;
				GCC_OPTIMIZATION_LEVEL = 0;
				GCC_PREPROCESSOR_DEFINITIONS = (
					"DEBUG=1",
					"$(inherited)",
				);
				GCC_WARN_64_TO_32_BIT_CONVERSION = YES;
				GCC_WARN_ABOUT_RETURN_TYPE = YES_ERROR;
				GCC_WARN_UNDECLARED_SELECTOR = YES;
				GCC_WARN_UNINITIALIZED_AUTOS = YES_AGGRESSIVE;
				GCC_WARN_UNUSED_FUNCTION = YES;
				GCC_WARN_UNUSED_VARIABLE = YES;
				IPHONEOS_DEPLOYMENT_TARGET = 18.1;
				LOCALIZATION_PREFERS_STRING_CATALOGS = YES;
				MTL_ENABLE_DEBUG_INFO = INCLUDE_SOURCE;
				MTL_FAST_MATH = YES;
				ONLY_ACTIVE_ARCH = YES;
				SDKROOT = iphoneos;
				SWIFT_ACTIVE_COMPILATION_CONDITIONS = "DEBUG $(inherited)";
				SWIFT_OPTIMIZATION_LEVEL = "-Onone";
			};
			name = Debug;
		};
		09B3E7A52CDCD5EA001EB4CF /* Release */ = {
			isa = XCBuildConfiguration;
			buildSettings = {
				ALWAYS_SEARCH_USER_PATHS = NO;
				ASSETCATALOG_COMPILER_GENERATE_SWIFT_ASSET_SYMBOL_EXTENSIONS = YES;
				CLANG_ANALYZER_NONNULL = YES;
				CLANG_ANALYZER_NUMBER_OBJECT_CONVERSION = YES_AGGRESSIVE;
				CLANG_CXX_LANGUAGE_STANDARD = "gnu++20";
				CLANG_ENABLE_MODULES = YES;
				CLANG_ENABLE_OBJC_ARC = YES;
				CLANG_ENABLE_OBJC_WEAK = YES;
				CLANG_WARN_BLOCK_CAPTURE_AUTORELEASING = YES;
				CLANG_WARN_BOOL_CONVERSION = YES;
				CLANG_WARN_COMMA = YES;
				CLANG_WARN_CONSTANT_CONVERSION = YES;
				CLANG_WARN_DEPRECATED_OBJC_IMPLEMENTATIONS = YES;
				CLANG_WARN_DIRECT_OBJC_ISA_USAGE = YES_ERROR;
				CLANG_WARN_DOCUMENTATION_COMMENTS = YES;
				CLANG_WARN_EMPTY_BODY = YES;
				CLANG_WARN_ENUM_CONVERSION = YES;
				CLANG_WARN_INFINITE_RECURSION = YES;
				CLANG_WARN_INT_CONVERSION = YES;
				CLANG_WARN_NON_LITERAL_NULL_CONVERSION = YES;
				CLANG_WARN_OBJC_IMPLICIT_RETAIN_SELF = YES;
				CLANG_WARN_OBJC_LITERAL_CONVERSION = YES;
				CLANG_WARN_OBJC_ROOT_CLASS = YES_ERROR;
				CLANG_WARN_QUOTED_INCLUDE_IN_FRAMEWORK_HEADER = YES;
				CLANG_WARN_RANGE_LOOP_ANALYSIS = YES;
				CLANG_WARN_STRICT_PROTOTYPES = YES;
				CLANG_WARN_SUSPICIOUS_MOVE = YES;
				CLANG_WARN_UNGUARDED_AVAILABILITY = YES_AGGRESSIVE;
				CLANG_WARN_UNREACHABLE_CODE = YES;
				CLANG_WARN__DUPLICATE_METHOD_MATCH = YES;
				COPY_PHASE_STRIP = NO;
				DEBUG_INFORMATION_FORMAT = "dwarf-with-dsym";
				ENABLE_NS_ASSERTIONS = NO;
				ENABLE_STRICT_OBJC_MSGSEND = YES;
				ENABLE_USER_SCRIPT_SANDBOXING = YES;
				GCC_C_LANGUAGE_STANDARD = gnu17;
				GCC_NO_COMMON_BLOCKS = YES;
				GCC_WARN_64_TO_32_BIT_CONVERSION = YES;
				GCC_WARN_ABOUT_RETURN_TYPE = YES_ERROR;
				GCC_WARN_UNDECLARED_SELECTOR = YES;
				GCC_WARN_UNINITIALIZED_AUTOS = YES_AGGRESSIVE;
				GCC_WARN_UNUSED_FUNCTION = YES;
				GCC_WARN_UNUSED_VARIABLE = YES;
				IPHONEOS_DEPLOYMENT_TARGET = 18.1;
				LOCALIZATION_PREFERS_STRING_CATALOGS = YES;
				MTL_ENABLE_DEBUG_INFO = NO;
				MTL_FAST_MATH = YES;
				SDKROOT = iphoneos;
				SWIFT_COMPILATION_MODE = wholemodule;
				VALIDATE_PRODUCT = YES;
			};
			name = Release;
		};
		09B3E7A72CDCD5EA001EB4CF /* Debug */ = {
			isa = XCBuildConfiguration;
			buildSettings = {
				ASSETCATALOG_COMPILER_APPICON_NAME = AppIcon;
				ASSETCATALOG_COMPILER_GLOBAL_ACCENT_COLOR_NAME = AccentColor;
				CODE_SIGN_STYLE = Automatic;
				CURRENT_PROJECT_VERSION = 1;
				DEVELOPMENT_ASSET_PATHS = "\"FriendsFavoriteMovies/Preview Content\"";
				DEVELOPMENT_TEAM = 8UJ2R2GADW;
				ENABLE_PREVIEWS = YES;
				GENERATE_INFOPLIST_FILE = YES;
				INFOPLIST_KEY_UIApplicationSceneManifest_Generation = YES;
				INFOPLIST_KEY_UIApplicationSupportsIndirectInputEvents = YES;
				INFOPLIST_KEY_UILaunchScreen_Generation = YES;
				INFOPLIST_KEY_UISupportedInterfaceOrientations_iPad = "UIInterfaceOrientationPortrait UIInterfaceOrientationPortraitUpsideDown UIInterfaceOrientationLandscapeLeft UIInterfaceOrientationLandscapeRight";
				INFOPLIST_KEY_UISupportedInterfaceOrientations_iPhone = "UIInterfaceOrientationPortrait UIInterfaceOrientationLandscapeLeft UIInterfaceOrientationLandscapeRight";
				LD_RUNPATH_SEARCH_PATHS = (
					"$(inherited)",
					"@executable_path/Frameworks",
				);
				MARKETING_VERSION = 1.0;
				PRODUCT_BUNDLE_IDENTIFIER = io.FriendsFavoriteMovies;
				PRODUCT_NAME = "$(TARGET_NAME)";
				SWIFT_EMIT_LOC_STRINGS = YES;
				SWIFT_VERSION = 5.0;
				TARGETED_DEVICE_FAMILY = "1,2";
			};
			name = Debug;
		};
		09B3E7A82CDCD5EA001EB4CF /* Release */ = {
			isa = XCBuildConfiguration;
			buildSettings = {
				ASSETCATALOG_COMPILER_APPICON_NAME = AppIcon;
				ASSETCATALOG_COMPILER_GLOBAL_ACCENT_COLOR_NAME = AccentColor;
				CODE_SIGN_STYLE = Automatic;
				CURRENT_PROJECT_VERSION = 1;
				DEVELOPMENT_ASSET_PATHS = "\"FriendsFavoriteMovies/Preview Content\"";
				DEVELOPMENT_TEAM = 8UJ2R2GADW;
				ENABLE_PREVIEWS = YES;
				GENERATE_INFOPLIST_FILE = YES;
				INFOPLIST_KEY_UIApplicationSceneManifest_Generation = YES;
				INFOPLIST_KEY_UIApplicationSupportsIndirectInputEvents = YES;
				INFOPLIST_KEY_UILaunchScreen_Generation = YES;
				INFOPLIST_KEY_UISupportedInterfaceOrientations_iPad = "UIInterfaceOrientationPortrait UIInterfaceOrientationPortraitUpsideDown UIInterfaceOrientationLandscapeLeft UIInterfaceOrientationLandscapeRight";
				INFOPLIST_KEY_UISupportedInterfaceOrientations_iPhone = "UIInterfaceOrientationPortrait UIInterfaceOrientationLandscapeLeft UIInterfaceOrientationLandscapeRight";
				LD_RUNPATH_SEARCH_PATHS = (
					"$(inherited)",
					"@executable_path/Frameworks",
				);
				MARKETING_VERSION = 1.0;
				PRODUCT_BUNDLE_IDENTIFIER = io.FriendsFavoriteMovies;
				PRODUCT_NAME = "$(TARGET_NAME)";
				SWIFT_EMIT_LOC_STRINGS = YES;
				SWIFT_VERSION = 5.0;
				TARGETED_DEVICE_FAMILY = "1,2";
			};
			name = Release;
		};
		09B3E7AA2CDCD5EA001EB4CF /* Debug */ = {
			isa = XCBuildConfiguration;
			buildSettings = {
				BUNDLE_LOADER = "$(TEST_HOST)";
				CODE_SIGN_STYLE = Automatic;
				CURRENT_PROJECT_VERSION = 1;
				DEVELOPMENT_TEAM = 8UJ2R2GADW;
				GENERATE_INFOPLIST_FILE = YES;
				IPHONEOS_DEPLOYMENT_TARGET = 18.1;
				MARKETING_VERSION = 1.0;
				PRODUCT_BUNDLE_IDENTIFIER = io.FriendsFavoriteMoviesTests;
				PRODUCT_NAME = "$(TARGET_NAME)";
				SWIFT_EMIT_LOC_STRINGS = NO;
				SWIFT_VERSION = 5.0;
				TARGETED_DEVICE_FAMILY = "1,2";
				TEST_HOST = "$(BUILT_PRODUCTS_DIR)/FriendsFavoriteMovies.app/$(BUNDLE_EXECUTABLE_FOLDER_PATH)/FriendsFavoriteMovies";
			};
			name = Debug;
		};
		09B3E7AB2CDCD5EA001EB4CF /* Release */ = {
			isa = XCBuildConfiguration;
			buildSettings = {
				BUNDLE_LOADER = "$(TEST_HOST)";
				CODE_SIGN_STYLE = Automatic;
				CURRENT_PROJECT_VERSION = 1;
				DEVELOPMENT_TEAM = 8UJ2R2GADW;
				GENERATE_INFOPLIST_FILE = YES;
				IPHONEOS_DEPLOYMENT_TARGET = 18.1;
				MARKETING_VERSION = 1.0;
				PRODUCT_BUNDLE_IDENTIFIER = io.FriendsFavoriteMoviesTests;
				PRODUCT_NAME = "$(TARGET_NAME)";
				SWIFT_EMIT_LOC_STRINGS = NO;
				SWIFT_VERSION = 5.0;
				TARGETED_DEVICE_FAMILY = "1,2";
				TEST_HOST = "$(BUILT_PRODUCTS_DIR)/FriendsFavoriteMovies.app/$(BUNDLE_EXECUTABLE_FOLDER_PATH)/FriendsFavoriteMovies";
			};
			name = Release;
		};
		09B3E7AD2CDCD5EA001EB4CF /* Debug */ = {
			isa = XCBuildConfiguration;
			buildSettings = {
				CODE_SIGN_STYLE = Automatic;
				CURRENT_PROJECT_VERSION = 1;
				DEVELOPMENT_TEAM = 8UJ2R2GADW;
				GENERATE_INFOPLIST_FILE = YES;
				MARKETING_VERSION = 1.0;
				PRODUCT_BUNDLE_IDENTIFIER = io.FriendsFavoriteMoviesUITests;
				PRODUCT_NAME = "$(TARGET_NAME)";
				SWIFT_EMIT_LOC_STRINGS = NO;
				SWIFT_VERSION = 5.0;
				TARGETED_DEVICE_FAMILY = "1,2";
				TEST_TARGET_NAME = FriendsFavoriteMovies;
			};
			name = Debug;
		};
		09B3E7AE2CDCD5EA001EB4CF /* Release */ = {
			isa = XCBuildConfiguration;
			buildSettings = {
				CODE_SIGN_STYLE = Automatic;
				CURRENT_PROJECT_VERSION = 1;
				DEVELOPMENT_TEAM = 8UJ2R2GADW;
				GENERATE_INFOPLIST_FILE = YES;
				MARKETING_VERSION = 1.0;
				PRODUCT_BUNDLE_IDENTIFIER = io.FriendsFavoriteMoviesUITests;
				PRODUCT_NAME = "$(TARGET_NAME)";
				SWIFT_EMIT_LOC_STRINGS = NO;
				SWIFT_VERSION = 5.0;
				TARGETED_DEVICE_FAMILY = "1,2";
				TEST_TARGET_NAME = FriendsFavoriteMovies;
			};
			name = Release;
		};
/* End XCBuildConfiguration section */

/* Begin XCConfigurationList section */
		09B3E77D2CDCD5E4001EB4CF /* Build configuration list for PBXProject "FriendsFavoriteMovies" */ = {
			isa = XCConfigurationList;
			buildConfigurations = (
				09B3E7A42CDCD5EA001EB4CF /* Debug */,
				09B3E7A52CDCD5EA001EB4CF /* Release */,
			);
			defaultConfigurationIsVisible = 0;
			defaultConfigurationName = Release;
		};
		09B3E7A62CDCD5EA001EB4CF /* Build configuration list for PBXNativeTarget "FriendsFavoriteMovies" */ = {
			isa = XCConfigurationList;
			buildConfigurations = (
				09B3E7A72CDCD5EA001EB4CF /* Debug */,
				09B3E7A82CDCD5EA001EB4CF /* Release */,
			);
			defaultConfigurationIsVisible = 0;
			defaultConfigurationName = Release;
		};
		09B3E7A92CDCD5EA001EB4CF /* Build configuration list for PBXNativeTarget "FriendsFavoriteMoviesTests" */ = {
			isa = XCConfigurationList;
			buildConfigurations = (
				09B3E7AA2CDCD5EA001EB4CF /* Debug */,
				09B3E7AB2CDCD5EA001EB4CF /* Release */,
			);
			defaultConfigurationIsVisible = 0;
			defaultConfigurationName = Release;
		};
		09B3E7AC2CDCD5EA001EB4CF /* Build configuration list for PBXNativeTarget "FriendsFavoriteMoviesUITests" */ = {
			isa = XCConfigurationList;
			buildConfigurations = (
				09B3E7AD2CDCD5EA001EB4CF /* Debug */,
				09B3E7AE2CDCD5EA001EB4CF /* Release */,
			);
			defaultConfigurationIsVisible = 0;
			defaultConfigurationName = Release;
		};
/* End XCConfigurationList section */
	};
	rootObject = 09B3E77A2CDCD5E4001EB4CF /* Project object */;
}
