// !$*UTF8*$!
{
	archiveVersion = 1;
	classes = {
	};
	objectVersion = 56;
	objects = {

/* Begin PBXBuildFile section */
		09507D7F2C03C0EE003C8F62 /* LandmarkListView.swift in Sources */ = {isa = PBXBuildFile; fileRef = 09507D7E2C03C0EE003C8F62 /* LandmarkListView.swift */; };
		09507D812C03C1FD003C8F62 /* LandmarkDetail.swift in Sources */ = {isa = PBXBuildFile; fileRef = 09507D802C03C1FD003C8F62 /* LandmarkDetail.swift */; };
		09507D832C04F6BF003C8F62 /* FavoriteButtonView.swift in Sources */ = {isa = PBXBuildFile; fileRef = 09507D822C04F6BF003C8F62 /* FavoriteButtonView.swift */; };
		09507D872C0506D8003C8F62 /* HexagonParameters.swift in Sources */ = {isa = PBXBuildFile; fileRef = 09507D862C0506D8003C8F62 /* HexagonParameters.swift */; };
		09507D892C052CA6003C8F62 /* BadgeBackground.swift in Sources */ = {isa = PBXBuildFile; fileRef = 09507D882C052CA6003C8F62 /* BadgeBackground.swift */; };
		09507D8B2C05600A003C8F62 /* BadgeSymbol.swift in Sources */ = {isa = PBXBuildFile; fileRef = 09507D8A2C05600A003C8F62 /* BadgeSymbol.swift */; };
		09507D8D2C05F20C003C8F62 /* RotatedBadgeSymbol.swift in Sources */ = {isa = PBXBuildFile; fileRef = 09507D8C2C05F20C003C8F62 /* RotatedBadgeSymbol.swift */; };
		09507D8F2C061CFF003C8F62 /* Badge.swift in Sources */ = {isa = PBXBuildFile; fileRef = 09507D8E2C061CFF003C8F62 /* Badge.swift */; };
		09507D962C066570003C8F62 /* Hike.swift in Sources */ = {isa = PBXBuildFile; fileRef = 09507D952C066570003C8F62 /* Hike.swift */; };
		09507D982C0666C6003C8F62 /* hikeData.json in Resources */ = {isa = PBXBuildFile; fileRef = 09507D972C0666C6003C8F62 /* hikeData.json */; };
		09507D9E2C0666F9003C8F62 /* GraphCapsule.swift in Sources */ = {isa = PBXBuildFile; fileRef = 09507D992C0666F9003C8F62 /* GraphCapsule.swift */; };
		09507D9F2C0666F9003C8F62 /* HikeDetail.swift in Sources */ = {isa = PBXBuildFile; fileRef = 09507D9A2C0666F9003C8F62 /* HikeDetail.swift */; };
		09507DA02C0666F9003C8F62 /* HikeGraph.swift in Sources */ = {isa = PBXBuildFile; fileRef = 09507D9B2C0666F9003C8F62 /* HikeGraph.swift */; };
		09507DA12C0666F9003C8F62 /* HikeView.swift in Sources */ = {isa = PBXBuildFile; fileRef = 09507D9C2C0666F9003C8F62 /* HikeView.swift */; };
		09507DA42C09FCDA003C8F62 /* CategoryHome.swift in Sources */ = {isa = PBXBuildFile; fileRef = 09507DA32C09FCDA003C8F62 /* CategoryHome.swift */; };
		09507DA62C0A0111003C8F62 /* CategoryRow.swift in Sources */ = {isa = PBXBuildFile; fileRef = 09507DA52C0A0111003C8F62 /* CategoryRow.swift */; };
		09507DA82C0A0CE7003C8F62 /* CategoryItem.swift in Sources */ = {isa = PBXBuildFile; fileRef = 09507DA72C0A0CE7003C8F62 /* CategoryItem.swift */; };
		09DB09EC2C0241400091B94B /* Assets.xcassets in Resources */ = {isa = PBXBuildFile; fileRef = 09DB09EB2C0241400091B94B /* Assets.xcassets */; };
		09DB09EF2C0241400091B94B /* Preview Assets.xcassets in Resources */ = {isa = PBXBuildFile; fileRef = 09DB09EE2C0241400091B94B /* Preview Assets.xcassets */; };
		09DB09FE2C02C0950091B94B /* landmarkData.json in Resources */ = {isa = PBXBuildFile; fileRef = 09DB09FD2C02C0950091B94B /* landmarkData.json */; };
		09DB0A182C03BB7D0091B94B /* ModelData.swift in Sources */ = {isa = PBXBuildFile; fileRef = 09DB0A012C03849A0091B94B /* ModelData.swift */; };
		09DB0A192C03BB7D0091B94B /* Landmark.swift in Sources */ = {isa = PBXBuildFile; fileRef = 09DB09FF2C02C1020091B94B /* Landmark.swift */; };
		09DB0A1A2C03BB7D0091B94B /* LandmarksApp.swift in Sources */ = {isa = PBXBuildFile; fileRef = 09DB09E72C02413F0091B94B /* LandmarksApp.swift */; };
		09DB0A1B2C03BB7D0091B94B /* ContentView.swift in Sources */ = {isa = PBXBuildFile; fileRef = 09DB09E92C02413F0091B94B /* ContentView.swift */; };
		09DB0A1C2C03BB7D0091B94B /* LandmarkRowView.swift in Sources */ = {isa = PBXBuildFile; fileRef = 09DB0A062C03902D0091B94B /* LandmarkRowView.swift */; };
		09DB0A1D2C03BB7D0091B94B /* CircleImageView.swift in Sources */ = {isa = PBXBuildFile; fileRef = 09DB09F92C0251E60091B94B /* CircleImageView.swift */; };
		09DB0A1E2C03BB7D0091B94B /* MapView.swift in Sources */ = {isa = PBXBuildFile; fileRef = 09DB09FB2C025CFF0091B94B /* MapView.swift */; };
/* End PBXBuildFile section */

/* Begin PBXFileReference section */
		09507D7E2C03C0EE003C8F62 /* LandmarkListView.swift */ = {isa = PBXFileReference; lastKnownFileType = sourcecode.swift; path = LandmarkListView.swift; sourceTree = "<group>"; };
		09507D802C03C1FD003C8F62 /* LandmarkDetail.swift */ = {isa = PBXFileReference; lastKnownFileType = sourcecode.swift; path = LandmarkDetail.swift; sourceTree = "<group>"; };
		09507D822C04F6BF003C8F62 /* FavoriteButtonView.swift */ = {isa = PBXFileReference; lastKnownFileType = sourcecode.swift; path = FavoriteButtonView.swift; sourceTree = "<group>"; };
		09507D862C0506D8003C8F62 /* HexagonParameters.swift */ = {isa = PBXFileReference; lastKnownFileType = sourcecode.swift; path = HexagonParameters.swift; sourceTree = "<group>"; };
		09507D882C052CA6003C8F62 /* BadgeBackground.swift */ = {isa = PBXFileReference; lastKnownFileType = sourcecode.swift; path = BadgeBackground.swift; sourceTree = "<group>"; };
		09507D8A2C05600A003C8F62 /* BadgeSymbol.swift */ = {isa = PBXFileReference; lastKnownFileType = sourcecode.swift; path = BadgeSymbol.swift; sourceTree = "<group>"; };
		09507D8C2C05F20C003C8F62 /* RotatedBadgeSymbol.swift */ = {isa = PBXFileReference; lastKnownFileType = sourcecode.swift; path = RotatedBadgeSymbol.swift; sourceTree = "<group>"; };
		09507D8E2C061CFF003C8F62 /* Badge.swift */ = {isa = PBXFileReference; lastKnownFileType = sourcecode.swift; path = Badge.swift; sourceTree = "<group>"; };
		09507D952C066570003C8F62 /* Hike.swift */ = {isa = PBXFileReference; lastKnownFileType = sourcecode.swift; path = Hike.swift; sourceTree = "<group>"; };
		09507D972C0666C6003C8F62 /* hikeData.json */ = {isa = PBXFileReference; fileEncoding = 4; lastKnownFileType = text.json; path = hikeData.json; sourceTree = "<group>"; };
		09507D992C0666F9003C8F62 /* GraphCapsule.swift */ = {isa = PBXFileReference; fileEncoding = 4; lastKnownFileType = sourcecode.swift; path = GraphCapsule.swift; sourceTree = "<group>"; };
		09507D9A2C0666F9003C8F62 /* HikeDetail.swift */ = {isa = PBXFileReference; fileEncoding = 4; lastKnownFileType = sourcecode.swift; path = HikeDetail.swift; sourceTree = "<group>"; };
		09507D9B2C0666F9003C8F62 /* HikeGraph.swift */ = {isa = PBXFileReference; fileEncoding = 4; lastKnownFileType = sourcecode.swift; path = HikeGraph.swift; sourceTree = "<group>"; };
		09507D9C2C0666F9003C8F62 /* HikeView.swift */ = {isa = PBXFileReference; fileEncoding = 4; lastKnownFileType = sourcecode.swift; path = HikeView.swift; sourceTree = "<group>"; };
		09507DA32C09FCDA003C8F62 /* CategoryHome.swift */ = {isa = PBXFileReference; lastKnownFileType = sourcecode.swift; path = CategoryHome.swift; sourceTree = "<group>"; };
		09507DA52C0A0111003C8F62 /* CategoryRow.swift */ = {isa = PBXFileReference; lastKnownFileType = sourcecode.swift; path = CategoryRow.swift; sourceTree = "<group>"; };
		09507DA72C0A0CE7003C8F62 /* CategoryItem.swift */ = {isa = PBXFileReference; lastKnownFileType = sourcecode.swift; path = CategoryItem.swift; sourceTree = "<group>"; };
		09DB09E42C02413F0091B94B /* Landmarks.app */ = {isa = PBXFileReference; explicitFileType = wrapper.application; includeInIndex = 0; path = Landmarks.app; sourceTree = BUILT_PRODUCTS_DIR; };
		09DB09E72C02413F0091B94B /* LandmarksApp.swift */ = {isa = PBXFileReference; lastKnownFileType = sourcecode.swift; path = LandmarksApp.swift; sourceTree = "<group>"; };
		09DB09E92C02413F0091B94B /* ContentView.swift */ = {isa = PBXFileReference; lastKnownFileType = sourcecode.swift; path = ContentView.swift; sourceTree = "<group>"; };
		09DB09EB2C0241400091B94B /* Assets.xcassets */ = {isa = PBXFileReference; lastKnownFileType = folder.assetcatalog; path = Assets.xcassets; sourceTree = "<group>"; };
		09DB09EE2C0241400091B94B /* Preview Assets.xcassets */ = {isa = PBXFileReference; lastKnownFileType = folder.assetcatalog; path = "Preview Assets.xcassets"; sourceTree = "<group>"; };
		09DB09F92C0251E60091B94B /* CircleImageView.swift */ = {isa = PBXFileReference; lastKnownFileType = sourcecode.swift; path = CircleImageView.swift; sourceTree = "<group>"; };
		09DB09FB2C025CFF0091B94B /* MapView.swift */ = {isa = PBXFileReference; lastKnownFileType = sourcecode.swift; path = MapView.swift; sourceTree = "<group>"; };
		09DB09FD2C02C0950091B94B /* landmarkData.json */ = {isa = PBXFileReference; fileEncoding = 4; lastKnownFileType = text.json; path = landmarkData.json; sourceTree = "<group>"; };
		09DB09FF2C02C1020091B94B /* Landmark.swift */ = {isa = PBXFileReference; lastKnownFileType = sourcecode.swift; path = Landmark.swift; sourceTree = "<group>"; };
		09DB0A012C03849A0091B94B /* ModelData.swift */ = {isa = PBXFileReference; lastKnownFileType = sourcecode.swift; path = ModelData.swift; sourceTree = "<group>"; };
		09DB0A062C03902D0091B94B /* LandmarkRowView.swift */ = {isa = PBXFileReference; lastKnownFileType = sourcecode.swift; path = LandmarkRowView.swift; sourceTree = "<group>"; };
/* End PBXFileReference section */

/* Begin PBXFrameworksBuildPhase section */
		09DB09E12C02413F0091B94B /* Frameworks */ = {
			isa = PBXFrameworksBuildPhase;
			buildActionMask = 2147483647;
			files = (
			);
			runOnlyForDeploymentPostprocessing = 0;
		};
/* End PBXFrameworksBuildPhase section */

/* Begin PBXGroup section */
		09507D7B2C03BDB7003C8F62 /* Views */ = {
			isa = PBXGroup;
			children = (
				09507DA22C09FCCA003C8F62 /* Categories */,
				09507D9D2C0666F9003C8F62 /* Hikes */,
				09507D842C04F828003C8F62 /* Landmark */,
				09507D852C04F835003C8F62 /* Helper */,
				09507D902C065081003C8F62 /* Badge */,
			);
			path = Views;
			sourceTree = "<group>";
		};
		09507D7C2C03BDF2003C8F62 /* Models */ = {
			isa = PBXGroup;
			children = (
				09DB0A012C03849A0091B94B /* ModelData.swift */,
				09DB09FF2C02C1020091B94B /* Landmark.swift */,
				09507D952C066570003C8F62 /* Hike.swift */,
			);
			path = Models;
			sourceTree = "<group>";
		};
		09507D7D2C03BDFD003C8F62 /* Resources */ = {
			isa = PBXGroup;
			children = (
				09507D972C0666C6003C8F62 /* hikeData.json */,
				09DB09FD2C02C0950091B94B /* landmarkData.json */,
			);
			path = Resources;
			sourceTree = "<group>";
		};
		09507D842C04F828003C8F62 /* Landmark */ = {
			isa = PBXGroup;
			children = (
				09DB0A062C03902D0091B94B /* LandmarkRowView.swift */,
				09507D7E2C03C0EE003C8F62 /* LandmarkListView.swift */,
				09507D802C03C1FD003C8F62 /* LandmarkDetail.swift */,
			);
			path = Landmark;
			sourceTree = "<group>";
		};
		09507D852C04F835003C8F62 /* Helper */ = {
			isa = PBXGroup;
			children = (
				09DB09F92C0251E60091B94B /* CircleImageView.swift */,
				09DB09FB2C025CFF0091B94B /* MapView.swift */,
				09507D822C04F6BF003C8F62 /* FavoriteButtonView.swift */,
			);
			path = Helper;
			sourceTree = "<group>";
		};
		09507D902C065081003C8F62 /* Badge */ = {
			isa = PBXGroup;
			children = (
				09507D862C0506D8003C8F62 /* HexagonParameters.swift */,
				09507D8E2C061CFF003C8F62 /* Badge.swift */,
				09507D8C2C05F20C003C8F62 /* RotatedBadgeSymbol.swift */,
				09507D882C052CA6003C8F62 /* BadgeBackground.swift */,
				09507D8A2C05600A003C8F62 /* BadgeSymbol.swift */,
			);
			path = Badge;
			sourceTree = "<group>";
		};
		09507D9D2C0666F9003C8F62 /* Hikes */ = {
			isa = PBXGroup;
			children = (
				09507D992C0666F9003C8F62 /* GraphCapsule.swift */,
				09507D9A2C0666F9003C8F62 /* HikeDetail.swift */,
				09507D9B2C0666F9003C8F62 /* HikeGraph.swift */,
				09507D9C2C0666F9003C8F62 /* HikeView.swift */,
			);
			path = Hikes;
			sourceTree = "<group>";
		};
		09507DA22C09FCCA003C8F62 /* Categories */ = {
			isa = PBXGroup;
			children = (
				09507DA32C09FCDA003C8F62 /* CategoryHome.swift */,
				09507DA52C0A0111003C8F62 /* CategoryRow.swift */,
				09507DA72C0A0CE7003C8F62 /* CategoryItem.swift */,
			);
			path = Categories;
			sourceTree = "<group>";
		};
		09DB09DB2C02413F0091B94B = {
			isa = PBXGroup;
			children = (
				09DB09E62C02413F0091B94B /* Landmarks */,
				09DB09E52C02413F0091B94B /* Products */,
			);
			sourceTree = "<group>";
		};
		09DB09E52C02413F0091B94B /* Products */ = {
			isa = PBXGroup;
			children = (
				09DB09E42C02413F0091B94B /* Landmarks.app */,
			);
			name = Products;
			sourceTree = "<group>";
		};
		09DB09E62C02413F0091B94B /* Landmarks */ = {
			isa = PBXGroup;
			children = (
				09DB09EB2C0241400091B94B /* Assets.xcassets */,
				09507D7C2C03BDF2003C8F62 /* Models */,
				09DB09E72C02413F0091B94B /* LandmarksApp.swift */,
				09DB09E92C02413F0091B94B /* ContentView.swift */,
				09507D7B2C03BDB7003C8F62 /* Views */,
				09507D7D2C03BDFD003C8F62 /* Resources */,
				09DB09ED2C0241400091B94B /* Preview Content */,
			);
			path = Landmarks;
			sourceTree = "<group>";
		};
		09DB09ED2C0241400091B94B /* Preview Content */ = {
			isa = PBXGroup;
			children = (
				09DB09EE2C0241400091B94B /* Preview Assets.xcassets */,
			);
			path = "Preview Content";
			sourceTree = "<group>";
		};
/* End PBXGroup section */

/* Begin PBXNativeTarget section */
		09DB09E32C02413F0091B94B /* Landmarks */ = {
			isa = PBXNativeTarget;
			buildConfigurationList = 09DB09F22C0241400091B94B /* Build configuration list for PBXNativeTarget "Landmarks" */;
			buildPhases = (
				09DB09E02C02413F0091B94B /* Sources */,
				09DB09E12C02413F0091B94B /* Frameworks */,
				09DB09E22C02413F0091B94B /* Resources */,
			);
			buildRules = (
			);
			dependencies = (
			);
			name = Landmarks;
			productName = Landmarks;
			productReference = 09DB09E42C02413F0091B94B /* Landmarks.app */;
			productType = "com.apple.product-type.application";
		};
/* End PBXNativeTarget section */

/* Begin PBXProject section */
		09DB09DC2C02413F0091B94B /* Project object */ = {
			isa = PBXProject;
			attributes = {
				BuildIndependentTargetsInParallel = 1;
				LastSwiftUpdateCheck = 1540;
				LastUpgradeCheck = 1540;
				TargetAttributes = {
					09DB09E32C02413F0091B94B = {
						CreatedOnToolsVersion = 15.4;
					};
				};
			};
			buildConfigurationList = 09DB09DF2C02413F0091B94B /* Build configuration list for PBXProject "Landmarks" */;
			compatibilityVersion = "Xcode 14.0";
			developmentRegion = en;
			hasScannedForEncodings = 0;
			knownRegions = (
				en,
				Base,
			);
			mainGroup = 09DB09DB2C02413F0091B94B;
			productRefGroup = 09DB09E52C02413F0091B94B /* Products */;
			projectDirPath = "";
			projectRoot = "";
			targets = (
				09DB09E32C02413F0091B94B /* Landmarks */,
			);
		};
/* End PBXProject section */

/* Begin PBXResourcesBuildPhase section */
		09DB09E22C02413F0091B94B /* Resources */ = {
			isa = PBXResourcesBuildPhase;
			buildActionMask = 2147483647;
			files = (
				09507D982C0666C6003C8F62 /* hikeData.json in Resources */,
				09DB09EF2C0241400091B94B /* Preview Assets.xcassets in Resources */,
				09DB09EC2C0241400091B94B /* Assets.xcassets in Resources */,
				09DB09FE2C02C0950091B94B /* landmarkData.json in Resources */,
			);
			runOnlyForDeploymentPostprocessing = 0;
		};
/* End PBXResourcesBuildPhase section */

/* Begin PBXSourcesBuildPhase section */
		09DB09E02C02413F0091B94B /* Sources */ = {
			isa = PBXSourcesBuildPhase;
			buildActionMask = 2147483647;
			files = (
				09507DA62C0A0111003C8F62 /* CategoryRow.swift in Sources */,
				09DB0A182C03BB7D0091B94B /* ModelData.swift in Sources */,
				09507DA42C09FCDA003C8F62 /* CategoryHome.swift in Sources */,
				09507D8F2C061CFF003C8F62 /* Badge.swift in Sources */,
				09DB0A192C03BB7D0091B94B /* Landmark.swift in Sources */,
				09507D9E2C0666F9003C8F62 /* GraphCapsule.swift in Sources */,
				09507DA02C0666F9003C8F62 /* HikeGraph.swift in Sources */,
				09507D812C03C1FD003C8F62 /* LandmarkDetail.swift in Sources */,
				09507D7F2C03C0EE003C8F62 /* LandmarkListView.swift in Sources */,
				09507DA82C0A0CE7003C8F62 /* CategoryItem.swift in Sources */,
				09507D872C0506D8003C8F62 /* HexagonParameters.swift in Sources */,
				09507D962C066570003C8F62 /* Hike.swift in Sources */,
				09507D8B2C05600A003C8F62 /* BadgeSymbol.swift in Sources */,
				09DB0A1A2C03BB7D0091B94B /* LandmarksApp.swift in Sources */,
				09DB0A1B2C03BB7D0091B94B /* ContentView.swift in Sources */,
				09507D9F2C0666F9003C8F62 /* HikeDetail.swift in Sources */,
				09507DA12C0666F9003C8F62 /* HikeView.swift in Sources */,
				09507D892C052CA6003C8F62 /* BadgeBackground.swift in Sources */,
				09DB0A1C2C03BB7D0091B94B /* LandmarkRowView.swift in Sources */,
				09DB0A1D2C03BB7D0091B94B /* CircleImageView.swift in Sources */,
				09507D8D2C05F20C003C8F62 /* RotatedBadgeSymbol.swift in Sources */,
				09507D832C04F6BF003C8F62 /* FavoriteButtonView.swift in Sources */,
				09DB0A1E2C03BB7D0091B94B /* MapView.swift in Sources */,
			);
			runOnlyForDeploymentPostprocessing = 0;
		};
/* End PBXSourcesBuildPhase section */

/* Begin XCBuildConfiguration section */
		09DB09F02C0241400091B94B /* Debug */ = {
			isa = XCBuildConfiguration;
			buildSettings = {
				ALWAYS_SEARCH_USER_PATHS = NO;
				ASSETCATALOG_COMPILER_GENERATE_SWIFT_ASSET_SYMBOL_EXTENSIONS = YES;
				CLANG_ANALYZER_NONNULL = YES;
				CLANG_ANALYZER_NUMBER_OBJECT_CONVERSION = YES_AGGRESSIVE;
				CLANG_CXX_LANGUAGE_STANDARD = "gnu++20";
				CLANG_ENABLE_MODULES = YES;
				CLANG_ENABLE_OBJC_ARC = YES;
				CLANG_ENABLE_OBJC_WEAK = YES;
				CLANG_WARN_BLOCK_CAPTURE_AUTORELEASING = YES;
				CLANG_WARN_BOOL_CONVERSION = YES;
				CLANG_WARN_COMMA = YES;
				CLANG_WARN_CONSTANT_CONVERSION = YES;
				CLANG_WARN_DEPRECATED_OBJC_IMPLEMENTATIONS = YES;
				CLANG_WARN_DIRECT_OBJC_ISA_USAGE = YES_ERROR;
				CLANG_WARN_DOCUMENTATION_COMMENTS = YES;
				CLANG_WARN_EMPTY_BODY = YES;
				CLANG_WARN_ENUM_CONVERSION = YES;
				CLANG_WARN_INFINITE_RECURSION = YES;
				CLANG_WARN_INT_CONVERSION = YES;
				CLANG_WARN_NON_LITERAL_NULL_CONVERSION = YES;
				CLANG_WARN_OBJC_IMPLICIT_RETAIN_SELF = YES;
				CLANG_WARN_OBJC_LITERAL_CONVERSION = YES;
				CLANG_WARN_OBJC_ROOT_CLASS = YES_ERROR;
				CLANG_WARN_QUOTED_INCLUDE_IN_FRAMEWORK_HEADER = YES;
				CLANG_WARN_RANGE_LOOP_ANALYSIS = YES;
				CLANG_WARN_STRICT_PROTOTYPES = YES;
				CLANG_WARN_SUSPICIOUS_MOVE = YES;
				CLANG_WARN_UNGUARDED_AVAILABILITY = YES_AGGRESSIVE;
				CLANG_WARN_UNREACHABLE_CODE = YES;
				CLANG_WARN__DUPLICATE_METHOD_MATCH = YES;
				COPY_PHASE_STRIP = NO;
				DEBUG_INFORMATION_FORMAT = dwarf;
				ENABLE_STRICT_OBJC_MSGSEND = YES;
				ENABLE_TESTABILITY = YES;
				ENABLE_USER_SCRIPT_SANDBOXING = YES;
				GCC_C_LANGUAGE_STANDARD = gnu17;
				GCC_DYNAMIC_NO_PIC = NO;
				GCC_NO_COMMON_BLOCKS = YES;
				GCC_OPTIMIZATION_LEVEL = 0;
				GCC_PREPROCESSOR_DEFINITIONS = (
					"DEBUG=1",
					"$(inherited)",
				);
				GCC_WARN_64_TO_32_BIT_CONVERSION = YES;
				GCC_WARN_ABOUT_RETURN_TYPE = YES_ERROR;
				GCC_WARN_UNDECLARED_SELECTOR = YES;
				GCC_WARN_UNINITIALIZED_AUTOS = YES_AGGRESSIVE;
				GCC_WARN_UNUSED_FUNCTION = YES;
				GCC_WARN_UNUSED_VARIABLE = YES;
				IPHONEOS_DEPLOYMENT_TARGET = 17.5;
				LOCALIZATION_PREFERS_STRING_CATALOGS = YES;
				MTL_ENABLE_DEBUG_INFO = INCLUDE_SOURCE;
				MTL_FAST_MATH = YES;
				ONLY_ACTIVE_ARCH = YES;
				SDKROOT = iphoneos;
				SWIFT_ACTIVE_COMPILATION_CONDITIONS = "DEBUG $(inherited)";
				SWIFT_OPTIMIZATION_LEVEL = "-Onone";
			};
			name = Debug;
		};
		09DB09F12C0241400091B94B /* Release */ = {
			isa = XCBuildConfiguration;
			buildSettings = {
				ALWAYS_SEARCH_USER_PATHS = NO;
				ASSETCATALOG_COMPILER_GENERATE_SWIFT_ASSET_SYMBOL_EXTENSIONS = YES;
				CLANG_ANALYZER_NONNULL = YES;
				CLANG_ANALYZER_NUMBER_OBJECT_CONVERSION = YES_AGGRESSIVE;
				CLANG_CXX_LANGUAGE_STANDARD = "gnu++20";
				CLANG_ENABLE_MODULES = YES;
				CLANG_ENABLE_OBJC_ARC = YES;
				CLANG_ENABLE_OBJC_WEAK = YES;
				CLANG_WARN_BLOCK_CAPTURE_AUTORELEASING = YES;
				CLANG_WARN_BOOL_CONVERSION = YES;
				CLANG_WARN_COMMA = YES;
				CLANG_WARN_CONSTANT_CONVERSION = YES;
				CLANG_WARN_DEPRECATED_OBJC_IMPLEMENTATIONS = YES;
				CLANG_WARN_DIRECT_OBJC_ISA_USAGE = YES_ERROR;
				CLANG_WARN_DOCUMENTATION_COMMENTS = YES;
				CLANG_WARN_EMPTY_BODY = YES;
				CLANG_WARN_ENUM_CONVERSION = YES;
				CLANG_WARN_INFINITE_RECURSION = YES;
				CLANG_WARN_INT_CONVERSION = YES;
				CLANG_WARN_NON_LITERAL_NULL_CONVERSION = YES;
				CLANG_WARN_OBJC_IMPLICIT_RETAIN_SELF = YES;
				CLANG_WARN_OBJC_LITERAL_CONVERSION = YES;
				CLANG_WARN_OBJC_ROOT_CLASS = YES_ERROR;
				CLANG_WARN_QUOTED_INCLUDE_IN_FRAMEWORK_HEADER = YES;
				CLANG_WARN_RANGE_LOOP_ANALYSIS = YES;
				CLANG_WARN_STRICT_PROTOTYPES = YES;
				CLANG_WARN_SUSPICIOUS_MOVE = YES;
				CLANG_WARN_UNGUARDED_AVAILABILITY = YES_AGGRESSIVE;
				CLANG_WARN_UNREACHABLE_CODE = YES;
				CLANG_WARN__DUPLICATE_METHOD_MATCH = YES;
				COPY_PHASE_STRIP = NO;
				DEBUG_INFORMATION_FORMAT = "dwarf-with-dsym";
				ENABLE_NS_ASSERTIONS = NO;
				ENABLE_STRICT_OBJC_MSGSEND = YES;
				ENABLE_USER_SCRIPT_SANDBOXING = YES;
				GCC_C_LANGUAGE_STANDARD = gnu17;
				GCC_NO_COMMON_BLOCKS = YES;
				GCC_WARN_64_TO_32_BIT_CONVERSION = YES;
				GCC_WARN_ABOUT_RETURN_TYPE = YES_ERROR;
				GCC_WARN_UNDECLARED_SELECTOR = YES;
				GCC_WARN_UNINITIALIZED_AUTOS = YES_AGGRESSIVE;
				GCC_WARN_UNUSED_FUNCTION = YES;
				GCC_WARN_UNUSED_VARIABLE = YES;
				IPHONEOS_DEPLOYMENT_TARGET = 17.5;
				LOCALIZATION_PREFERS_STRING_CATALOGS = YES;
				MTL_ENABLE_DEBUG_INFO = NO;
				MTL_FAST_MATH = YES;
				SDKROOT = iphoneos;
				SWIFT_COMPILATION_MODE = wholemodule;
				VALIDATE_PRODUCT = YES;
			};
			name = Release;
		};
		09DB09F32C0241400091B94B /* Debug */ = {
			isa = XCBuildConfiguration;
			buildSettings = {
				ASSETCATALOG_COMPILER_APPICON_NAME = AppIcon;
				ASSETCATALOG_COMPILER_GLOBAL_ACCENT_COLOR_NAME = AccentColor;
				CODE_SIGN_STYLE = Automatic;
				CURRENT_PROJECT_VERSION = 1;
				DEVELOPMENT_ASSET_PATHS = "\"Landmarks/Preview Content\"";
				DEVELOPMENT_TEAM = 8UJ2R2GADW;
				ENABLE_PREVIEWS = YES;
				GENERATE_INFOPLIST_FILE = YES;
				INFOPLIST_KEY_UIApplicationSceneManifest_Generation = YES;
				INFOPLIST_KEY_UIApplicationSupportsIndirectInputEvents = YES;
				INFOPLIST_KEY_UILaunchScreen_Generation = YES;
				INFOPLIST_KEY_UISupportedInterfaceOrientations_iPad = "UIInterfaceOrientationPortrait UIInterfaceOrientationPortraitUpsideDown UIInterfaceOrientationLandscapeLeft UIInterfaceOrientationLandscapeRight";
				INFOPLIST_KEY_UISupportedInterfaceOrientations_iPhone = "UIInterfaceOrientationPortrait UIInterfaceOrientationLandscapeLeft UIInterfaceOrientationLandscapeRight";
				LD_RUNPATH_SEARCH_PATHS = (
					"$(inherited)",
					"@executable_path/Frameworks",
				);
				MARKETING_VERSION = 1.0;
				PRODUCT_BUNDLE_IDENTIFIER = io.Landmarks;
				PRODUCT_NAME = "$(TARGET_NAME)";
				SWIFT_EMIT_LOC_STRINGS = YES;
				SWIFT_VERSION = 5.0;
				TARGETED_DEVICE_FAMILY = "1,2";
			};
			name = Debug;
		};
		09DB09F42C0241400091B94B /* Release */ = {
			isa = XCBuildConfiguration;
			buildSettings = {
				ASSETCATALOG_COMPILER_APPICON_NAME = AppIcon;
				ASSETCATALOG_COMPILER_GLOBAL_ACCENT_COLOR_NAME = AccentColor;
				CODE_SIGN_STYLE = Automatic;
				CURRENT_PROJECT_VERSION = 1;
				DEVELOPMENT_ASSET_PATHS = "\"Landmarks/Preview Content\"";
				DEVELOPMENT_TEAM = 8UJ2R2GADW;
				ENABLE_PREVIEWS = YES;
				GENERATE_INFOPLIST_FILE = YES;
				INFOPLIST_KEY_UIApplicationSceneManifest_Generation = YES;
				INFOPLIST_KEY_UIApplicationSupportsIndirectInputEvents = YES;
				INFOPLIST_KEY_UILaunchScreen_Generation = YES;
				INFOPLIST_KEY_UISupportedInterfaceOrientations_iPad = "UIInterfaceOrientationPortrait UIInterfaceOrientationPortraitUpsideDown UIInterfaceOrientationLandscapeLeft UIInterfaceOrientationLandscapeRight";
				INFOPLIST_KEY_UISupportedInterfaceOrientations_iPhone = "UIInterfaceOrientationPortrait UIInterfaceOrientationLandscapeLeft UIInterfaceOrientationLandscapeRight";
				LD_RUNPATH_SEARCH_PATHS = (
					"$(inherited)",
					"@executable_path/Frameworks",
				);
				MARKETING_VERSION = 1.0;
				PRODUCT_BUNDLE_IDENTIFIER = io.Landmarks;
				PRODUCT_NAME = "$(TARGET_NAME)";
				SWIFT_EMIT_LOC_STRINGS = YES;
				SWIFT_VERSION = 5.0;
				TARGETED_DEVICE_FAMILY = "1,2";
			};
			name = Release;
		};
/* End XCBuildConfiguration section */

/* Begin XCConfigurationList section */
		09DB09DF2C02413F0091B94B /* Build configuration list for PBXProject "Landmarks" */ = {
			isa = XCConfigurationList;
			buildConfigurations = (
				09DB09F02C0241400091B94B /* Debug */,
				09DB09F12C0241400091B94B /* Release */,
			);
			defaultConfigurationIsVisible = 0;
			defaultConfigurationName = Release;
		};
		09DB09F22C0241400091B94B /* Build configuration list for PBXNativeTarget "Landmarks" */ = {
			isa = XCConfigurationList;
			buildConfigurations = (
				09DB09F32C0241400091B94B /* Debug */,
				09DB09F42C0241400091B94B /* Release */,
			);
			defaultConfigurationIsVisible = 0;
			defaultConfigurationName = Release;
		};
/* End XCConfigurationList section */
	};
	rootObject = 09DB09DC2C02413F0091B94B /* Project object */;
}
